github.com/koc-he/share v0.0.1 h1:g2P8XvffTp9mEOV2WsHcNb7guZH+BRL8sOTxyZWOUNs=
github.com/koc-he/share v0.0.1/go.mod h1:Tic2/XB2YSpKcziwhRNikl3boHkD9wg/lu/kPj4H9vs=
github.com/luizdepra/hugo-coder v0.0.0-20240818175554-3344e09b6147 h1:tNpDY8u6ae6tD/suhoHaAaVVmWa0LMnxgtf44TsbtQ0=
github.com/luizdepra/hugo-coder v0.0.0-20240818175554-3344e09b6147/go.mod h1:9EQBf2rU+NPjlohGuKcEgdqSeOc3tIQoOty4xPpuUQ4=
